// !$*UTF8*$!
{
	archiveVersion = 1;
	classes = {
	};
	objectVersion = 56;
	objects = {

/* Begin PBXBuildFile section */
		991869C9296C1BE600C5FCED /* AppDelegate.swift in Sources */ = {isa = PBXBuildFile; fileRef = 991869C8296C1BE600C5FCED /* AppDelegate.swift */; };
		991869CB296C1BE600C5FCED /* SceneDelegate.swift in Sources */ = {isa = PBXBuildFile; fileRef = 991869CA296C1BE600C5FCED /* SceneDelegate.swift */; };
		991869CD296C1BE600C5FCED /* ViewController.swift in Sources */ = {isa = PBXBuildFile; fileRef = 991869CC296C1BE600C5FCED /* ViewController.swift */; };
		991869D0296C1BE600C5FCED /* Main.storyboard in Resources */ = {isa = PBXBuildFile; fileRef = 991869CE296C1BE600C5FCED /* Main.storyboard */; };
		991869D2296C1BE800C5FCED /* Assets.xcassets in Resources */ = {isa = PBXBuildFile; fileRef = 991869D1296C1BE800C5FCED /* Assets.xcassets */; };
		991869D5296C1BE800C5FCED /* LaunchScreen.storyboard in Resources */ = {isa = PBXBuildFile; fileRef = 991869D3296C1BE800C5FCED /* LaunchScreen.storyboard */; };
		E3CAABE9B236085909CD63D7 /* Pods_FlutterExample.framework in Frameworks */ = {isa = PBXBuildFile; fileRef = DB7CF75B6E3A3FD3B3FC56C7 /* Pods_FlutterExample.framework */; };
/* End PBXBuildFile section */

/* Begin PBXFileReference section */
		991869C5296C1BE600C5FCED /* FlutterExample.app */ = {isa = PBXFileReference; explicitFileType = wrapper.application; includeInIndex = 0; path = FlutterExample.app; sourceTree = BUILT_PRODUCTS_DIR; };
		991869C8296C1BE600C5FCED /* AppDelegate.swift */ = {isa = PBXFileReference; lastKnownFileType = sourcecode.swift; path = AppDelegate.swift; sourceTree = "<group>"; };
		991869CA296C1BE600C5FCED /* SceneDelegate.swift */ = {isa = PBXFileReference; lastKnownFileType = sourcecode.swift; path = SceneDelegate.swift; sourceTree = "<group>"; };
		991869CC296C1BE600C5FCED /* ViewController.swift */ = {isa = PBXFileReference; lastKnownFileType = sourcecode.swift; path = ViewController.swift; sourceTree = "<group>"; };
		991869CF296C1BE600C5FCED /* Base */ = {isa = PBXFileReference; lastKnownFileType = file.storyboard; name = Base; path = Base.lproj/Main.storyboard; sourceTree = "<group>"; };
		991869D1296C1BE800C5FCED /* Assets.xcassets */ = {isa = PBXFileReference; lastKnownFileType = folder.assetcatalog; path = Assets.xcassets; sourceTree = "<group>"; };
		991869D4296C1BE800C5FCED /* Base */ = {isa = PBXFileReference; lastKnownFileType = file.storyboard; name = Base; path = Base.lproj/LaunchScreen.storyboard; sourceTree = "<group>"; };
		991869D6296C1BE800C5FCED /* Info.plist */ = {isa = PBXFileReference; lastKnownFileType = text.plist.xml; path = Info.plist; sourceTree = "<group>"; };
		994A6BBFFC03E6CA9D9ED997 /* Pods-FlutterExample.debug.xcconfig */ = {isa = PBXFileReference; includeInIndex = 1; lastKnownFileType = text.xcconfig; name = "Pods-FlutterExample.debug.xcconfig"; path = "Target Support Files/Pods-FlutterExample/Pods-FlutterExample.debug.xcconfig"; sourceTree = "<group>"; };
		DB7CF75B6E3A3FD3B3FC56C7 /* Pods_FlutterExample.framework */ = {isa = PBXFileReference; explicitFileType = wrapper.framework; includeInIndex = 0; path = Pods_FlutterExample.framework; sourceTree = BUILT_PRODUCTS_DIR; };
		DF127FD1118E84174C96B6B7 /* Pods-FlutterExample.release.xcconfig */ = {isa = PBXFileReference; includeInIndex = 1; lastKnownFileType = text.xcconfig; name = "Pods-FlutterExample.release.xcconfig"; path = "Target Support Files/Pods-FlutterExample/Pods-FlutterExample.release.xcconfig"; sourceTree = "<group>"; };
/* End PBXFileReference section */

/* Begin PBXFrameworksBuildPhase section */
		991869C2296C1BE600C5FCED /* Frameworks */ = {
			isa = PBXFrameworksBuildPhase;
			buildActionMask = 2147483647;
			files = (
				E3CAABE9B236085909CD63D7 /* Pods_FlutterExample.framework in Frameworks */,
			);
			runOnlyForDeploymentPostprocessing = 0;
		};
/* End PBXFrameworksBuildPhase section */

/* Begin PBXGroup section */
		848D8FB4440E87176D5F78C0 /* Frameworks */ = {
			isa = PBXGroup;
			children = (
				DB7CF75B6E3A3FD3B3FC56C7 /* Pods_FlutterExample.framework */,
			);
			name = Frameworks;
			sourceTree = "<group>";
		};
		991869BC296C1BE600C5FCED = {
			isa = PBXGroup;
			children = (
				991869C7296C1BE600C5FCED /* FlutterExample */,
				991869C6296C1BE600C5FCED /* Products */,
				E12C06749687A34FAE3F2C88 /* Pods */,
				848D8FB4440E87176D5F78C0 /* Frameworks */,
			);
			sourceTree = "<group>";
		};
		991869C6296C1BE600C5FCED /* Products */ = {
			isa = PBXGroup;
			children = (
				991869C5296C1BE600C5FCED /* FlutterExample.app */,
			);
			name = Products;
			sourceTree = "<group>";
		};
		991869C7296C1BE600C5FCED /* FlutterExample */ = {
			isa = PBXGroup;
			children = (
				991869C8296C1BE600C5FCED /* AppDelegate.swift */,
				991869CA296C1BE600C5FCED /* SceneDelegate.swift */,
				991869CC296C1BE600C5FCED /* ViewController.swift */,
				991869CE296C1BE600C5FCED /* Main.storyboard */,
				991869D1296C1BE800C5FCED /* Assets.xcassets */,
				991869D3296C1BE800C5FCED /* LaunchScreen.storyboard */,
				991869D6296C1BE800C5FCED /* Info.plist */,
			);
			path = FlutterExample;
			sourceTree = "<group>";
		};
		E12C06749687A34FAE3F2C88 /* Pods */ = {
			isa = PBXGroup;
			children = (
				994A6BBFFC03E6CA9D9ED997 /* Pods-FlutterExample.debug.xcconfig */,
				DF127FD1118E84174C96B6B7 /* Pods-FlutterExample.release.xcconfig */,
			);
			name = Pods;
			path = Pods;
			sourceTree = "<group>";
		};
/* End PBXGroup section */

/* Begin PBXNativeTarget section */
		991869C4296C1BE600C5FCED /* FlutterExample */ = {
			isa = PBXNativeTarget;
			buildConfigurationList = 991869D9296C1BE800C5FCED /* Build configuration list for PBXNativeTarget "FlutterExample" */;
			buildPhases = (
				194A4E9CBB192E5A3E8C4C40 /* [CP] Check Pods Manifest.lock */,
				991869C1296C1BE600C5FCED /* Sources */,
				991869C2296C1BE600C5FCED /* Frameworks */,
				991869C3296C1BE600C5FCED /* Resources */,
			);
			buildRules = (
			);
			dependencies = (
			);
			name = FlutterExample;
			productName = FlutterExample;
			productReference = 991869C5296C1BE600C5FCED /* FlutterExample.app */;
			productType = "com.apple.product-type.application";
		};
/* End PBXNativeTarget section */

/* Begin PBXProject section */
		991869BD296C1BE600C5FCED /* Project object */ = {
			isa = PBXProject;
			attributes = {
				BuildIndependentTargetsInParallel = 1;
				LastSwiftUpdateCheck = 1420;
				LastUpgradeCheck = 1420;
				TargetAttributes = {
					991869C4296C1BE600C5FCED = {
						CreatedOnToolsVersion = 14.2;
					};
				};
			};
			buildConfigurationList = 991869C0296C1BE600C5FCED /* Build configuration list for PBXProject "FlutterExample" */;
			compatibilityVersion = "Xcode 14.0";
			developmentRegion = en;
			hasScannedForEncodings = 0;
			knownRegions = (
				en,
				Base,
			);
			mainGroup = 991869BC296C1BE600C5FCED;
			productRefGroup = 991869C6296C1BE600C5FCED /* Products */;
			projectDirPath = "";
			projectRoot = "";
			targets = (
				991869C4296C1BE600C5FCED /* FlutterExample */,
			);
		};
/* End PBXProject section */

/* Begin PBXResourcesBuildPhase section */
		991869C3296C1BE600C5FCED /* Resources */ = {
			isa = PBXResourcesBuildPhase;
			buildActionMask = 2147483647;
			files = (
				991869D5296C1BE800C5FCED /* LaunchScreen.storyboard in Resources */,
				991869D2296C1BE800C5FCED /* Assets.xcassets in Resources */,
				991869D0296C1BE600C5FCED /* Main.storyboard in Resources */,
			);
			runOnlyForDeploymentPostprocessing = 0;
		};
/* End PBXResourcesBuildPhase section */

/* Begin PBXShellScriptBuildPhase section */
		194A4E9CBB192E5A3E8C4C40 /* [CP] Check Pods Manifest.lock */ = {
			isa = PBXShellScriptBuildPhase;
			buildActionMask = 2147483647;
			files = (
			);
			inputFileListPaths = (
			);
			inputPaths = (
				"${PODS_PODFILE_DIR_PATH}/Podfile.lock",
				"${PODS_ROOT}/Manifest.lock",
			);
			name = "[CP] Check Pods Manifest.lock";
			outputFileListPaths = (
			);
			outputPaths = (
				"$(DERIVED_FILE_DIR)/Pods-FlutterExample-checkManifestLockResult.txt",
			);
			runOnlyForDeploymentPostprocessing = 0;
			shellPath = /bin/sh;
			shellScript = "diff \"${PODS_PODFILE_DIR_PATH}/Podfile.lock\" \"${PODS_ROOT}/Manifest.lock\" > /dev/null\nif [ $? != 0 ] ; then\n    # print error to STDERR\n    echo \"error: The sandbox is not in sync with the Podfile.lock. Run 'pod install' or update your CocoaPods installation.\" >&2\n    exit 1\nfi\n# This output is used by Xcode 'outputs' to avoid re-running this script phase.\necho \"SUCCESS\" > \"${SCRIPT_OUTPUT_FILE_0}\"\n";
			showEnvVarsInLog = 0;
		};
/* End PBXShellScriptBuildPhase section */

/* Begin PBXSourcesBuildPhase section */
		991869C1296C1BE600C5FCED /* Sources */ = {
			isa = PBXSourcesBuildPhase;
			buildActionMask = 2147483647;
			files = (
				991869CD296C1BE600C5FCED /* ViewController.swift in Sources */,
				991869C9296C1BE600C5FCED /* AppDelegate.swift in Sources */,
				991869CB296C1BE600C5FCED /* SceneDelegate.swift in Sources */,
			);
			runOnlyForDeploymentPostprocessing = 0;
		};
/* End PBXSourcesBuildPhase section */

/* Begin PBXVariantGroup section */
		991869CE296C1BE600C5FCED /* Main.storyboard */ = {
			isa = PBXVariantGroup;
			children = (
				991869CF296C1BE600C5FCED /* Base */,
			);
			name = Main.storyboard;
			sourceTree = "<group>";
		};
		991869D3296C1BE800C5FCED /* LaunchScreen.storyboard */ = {
			isa = PBXVariantGroup;
			children = (
				991869D4296C1BE800C5FCED /* Base */,
			);
			name = LaunchScreen.storyboard;
			sourceTree = "<group>";
		};
/* End PBXVariantGroup section */

/* Begin XCBuildConfiguration section */
		991869D7296C1BE800C5FCED /* Debug */ = {
			isa = XCBuildConfiguration;
			buildSettings = {
				ALWAYS_SEARCH_USER_PATHS = NO;
				CLANG_ANALYZER_NONNULL = YES;
				CLANG_ANALYZER_NUMBER_OBJECT_CONVERSION = YES_AGGRESSIVE;
				CLANG_CXX_LANGUAGE_STANDARD = "gnu++20";
				CLANG_ENABLE_MODULES = YES;
				CLANG_ENABLE_OBJC_ARC = YES;
				CLANG_ENABLE_OBJC_WEAK = YES;
				CLANG_WARN_BLOCK_CAPTURE_AUTORELEASING = YES;
				CLANG_WARN_BOOL_CONVERSION = YES;
				CLANG_WARN_COMMA = YES;
				CLANG_WARN_CONSTANT_CONVERSION = YES;
				CLANG_WARN_DEPRECATED_OBJC_IMPLEMENTATIONS = YES;
				CLANG_WARN_DIRECT_OBJC_ISA_USAGE = YES_ERROR;
				CLANG_WARN_DOCUMENTATION_COMMENTS = YES;
				CLANG_WARN_EMPTY_BODY = YES;
				CLANG_WARN_ENUM_CONVERSION = YES;
				CLANG_WARN_INFINITE_RECURSION = YES;
				CLANG_WARN_INT_CONVERSION = YES;
				CLANG_WARN_NON_LITERAL_NULL_CONVERSION = YES;
				CLANG_WARN_OBJC_IMPLICIT_RETAIN_SELF = YES;
				CLANG_WARN_OBJC_LITERAL_CONVERSION = YES;
				CLANG_WARN_OBJC_ROOT_CLASS = YES_ERROR;
				CLANG_WARN_QUOTED_INCLUDE_IN_FRAMEWORK_HEADER = YES;
				CLANG_WARN_RANGE_LOOP_ANALYSIS = YES;
				CLANG_WARN_STRICT_PROTOTYPES = YES;
				CLANG_WARN_SUSPICIOUS_MOVE = YES;
				CLANG_WARN_UNGUARDED_AVAILABILITY = YES_AGGRESSIVE;
				CLANG_WARN_UNREACHABLE_CODE = YES;
				CLANG_WARN__DUPLICATE_METHOD_MATCH = YES;
				COPY_PHASE_STRIP = NO;
				DEBUG_INFORMATION_FORMAT = dwarf;
				ENABLE_STRICT_OBJC_MSGSEND = YES;
				ENABLE_TESTABILITY = YES;
				GCC_C_LANGUAGE_STANDARD = gnu11;
				GCC_DYNAMIC_NO_PIC = NO;
				GCC_NO_COMMON_BLOCKS = YES;
				GCC_OPTIMIZATION_LEVEL = 0;
				GCC_PREPROCESSOR_DEFINITIONS = (
					"DEBUG=1",
					"$(inherited)",
				);
				GCC_WARN_64_TO_32_BIT_CONVERSION = YES;
				GCC_WARN_ABOUT_RETURN_TYPE = YES_ERROR;
				GCC_WARN_UNDECLARED_SELECTOR = YES;
				GCC_WARN_UNINITIALIZED_AUTOS = YES_AGGRESSIVE;
				GCC_WARN_UNUSED_FUNCTION = YES;
				GCC_WARN_UNUSED_VARIABLE = YES;
				IPHONEOS_DEPLOYMENT_TARGET = 16.2;
				MTL_ENABLE_DEBUG_INFO = INCLUDE_SOURCE;
				MTL_FAST_MATH = YES;
				ONLY_ACTIVE_ARCH = YES;
				SDKROOT = iphoneos;
				SWIFT_ACTIVE_COMPILATION_CONDITIONS = DEBUG;
				SWIFT_OPTIMIZATION_LEVEL = "-Onone";
			};
			name = Debug;
		};
		991869D8296C1BE800C5FCED /* Release */ = {
			isa = XCBuildConfiguration;
			buildSettings = {
				ALWAYS_SEARCH_USER_PATHS = NO;
				CLANG_ANALYZER_NONNULL = YES;
				CLANG_ANALYZER_NUMBER_OBJECT_CONVERSION = YES_AGGRESSIVE;
				CLANG_CXX_LANGUAGE_STANDARD = "gnu++20";
				CLANG_ENABLE_MODULES = YES;
				CLANG_ENABLE_OBJC_ARC = YES;
				CLANG_ENABLE_OBJC_WEAK = YES;
				CLANG_WARN_BLOCK_CAPTURE_AUTORELEASING = YES;
				CLANG_WARN_BOOL_CONVERSION = YES;
				CLANG_WARN_COMMA = YES;
				CLANG_WARN_CONSTANT_CONVERSION = YES;
				CLANG_WARN_DEPRECATED_OBJC_IMPLEMENTATIONS = YES;
				CLANG_WARN_DIRECT_OBJC_ISA_USAGE = YES_ERROR;
				CLANG_WARN_DOCUMENTATION_COMMENTS = YES;
				CLANG_WARN_EMPTY_BODY = YES;
				CLANG_WARN_ENUM_CONVERSION = YES;
				CLANG_WARN_INFINITE_RECURSION = YES;
				CLANG_WARN_INT_CONVERSION = YES;
				CLANG_WARN_NON_LITERAL_NULL_CONVERSION = YES;
				CLANG_WARN_OBJC_IMPLICIT_RETAIN_SELF = YES;
				CLANG_WARN_OBJC_LITERAL_CONVERSION = YES;
				CLANG_WARN_OBJC_ROOT_CLASS = YES_ERROR;
				CLANG_WARN_QUOTED_INCLUDE_IN_FRAMEWORK_HEADER = YES;
				CLANG_WARN_RANGE_LOOP_ANALYSIS = YES;
				CLANG_WARN_STRICT_PROTOTYPES = YES;
				CLANG_WARN_SUSPICIOUS_MOVE = YES;
				CLANG_WARN_UNGUARDED_AVAILABILITY = YES_AGGRESSIVE;
				CLANG_WARN_UNREACHABLE_CODE = YES;
				CLANG_WARN__DUPLICATE_METHOD_MATCH = YES;
				COPY_PHASE_STRIP = NO;
				DEBUG_INFORMATION_FORMAT = "dwarf-with-dsym";
				ENABLE_NS_ASSERTIONS = NO;
				ENABLE_STRICT_OBJC_MSGSEND = YES;
				GCC_C_LANGUAGE_STANDARD = gnu11;
				GCC_NO_COMMON_BLOCKS = YES;
				GCC_WARN_64_TO_32_BIT_CONVERSION = YES;
				GCC_WARN_ABOUT_RETURN_TYPE = YES_ERROR;
				GCC_WARN_UNDECLARED_SELECTOR = YES;
				GCC_WARN_UNINITIALIZED_AUTOS = YES_AGGRESSIVE;
				GCC_WARN_UNUSED_FUNCTION = YES;
				GCC_WARN_UNUSED_VARIABLE = YES;
				IPHONEOS_DEPLOYMENT_TARGET = 16.2;
				MTL_ENABLE_DEBUG_INFO = NO;
				MTL_FAST_MATH = YES;
				SDKROOT = iphoneos;
				SWIFT_COMPILATION_MODE = wholemodule;
				SWIFT_OPTIMIZATION_LEVEL = "-O";
				VALIDATE_PRODUCT = YES;
			};
			name = Release;
		};
		991869DA296C1BE800C5FCED /* Debug */ = {
			isa = XCBuildConfiguration;
			baseConfigurationReference = 994A6BBFFC03E6CA9D9ED997 /* Pods-FlutterExample.debug.xcconfig */;
			buildSettings = {
				ASSETCATALOG_COMPILER_APPICON_NAME = AppIcon;
				ASSETCATALOG_COMPILER_GLOBAL_ACCENT_COLOR_NAME = AccentColor;
				CODE_SIGN_STYLE = Automatic;
				CURRENT_PROJECT_VERSION = 1;
				DEVELOPMENT_TEAM = 3MT967VXY3;
				GENERATE_INFOPLIST_FILE = YES;
				INFOPLIST_FILE = FlutterExample/Info.plist;
				INFOPLIST_KEY_UIApplicationSupportsIndirectInputEvents = YES;
				INFOPLIST_KEY_UILaunchStoryboardName = LaunchScreen;
				INFOPLIST_KEY_UIMainStoryboardFile = Main;
				INFOPLIST_KEY_UISupportedInterfaceOrientations_iPad = "UIInterfaceOrientationPortrait UIInterfaceOrientationPortraitUpsideDown UIInterfaceOrientationLandscapeLeft UIInterfaceOrientationLandscapeRight";
				INFOPLIST_KEY_UISupportedInterfaceOrientations_iPhone = "UIInterfaceOrientationPortrait UIInterfaceOrientationLandscapeLeft UIInterfaceOrientationLandscapeRight";
				LD_RUNPATH_SEARCH_PATHS = (
					"$(inherited)",
					"@executable_path/Frameworks",
				);
				MARKETING_VERSION = 1.0;
				PRODUCT_BUNDLE_IDENTIFIER = com.example.FlutterExample;
				PRODUCT_NAME = "$(TARGET_NAME)";
				SWIFT_EMIT_LOC_STRINGS = YES;
				SWIFT_VERSION = 5.0;
				TARGETED_DEVICE_FAMILY = "1,2";
			};
			name = Debug;
		};
		991869DB296C1BE800C5FCED /* Release */ = {
			isa = XCBuildConfiguration;
			baseConfigurationReference = DF127FD1118E84174C96B6B7 /* Pods-FlutterExample.release.xcconfig */;
			buildSettings = {
				ASSETCATALOG_COMPILER_APPICON_NAME = AppIcon;
				ASSETCATALOG_COMPILER_GLOBAL_ACCENT_COLOR_NAME = AccentColor;
				CODE_SIGN_STYLE = Automatic;
				CURRENT_PROJECT_VERSION = 1;
				DEVELOPMENT_TEAM = 3MT967VXY3;
				GENERATE_INFOPLIST_FILE = YES;
				INFOPLIST_FILE = FlutterExample/Info.plist;
				INFOPLIST_KEY_UIApplicationSupportsIndirectInputEvents = YES;
				INFOPLIST_KEY_UILaunchStoryboardName = LaunchScreen;
				INFOPLIST_KEY_UIMainStoryboardFile = Main;
				INFOPLIST_KEY_UISupportedInterfaceOrientations_iPad = "UIInterfaceOrientationPortrait UIInterfaceOrientationPortraitUpsideDown UIInterfaceOrientationLandscapeLeft UIInterfaceOrientationLandscapeRight";
				INFOPLIST_KEY_UISupportedInterfaceOrientations_iPhone = "UIInterfaceOrientationPortrait UIInterfaceOrientationLandscapeLeft UIInterfaceOrientationLandscapeRight";
				LD_RUNPATH_SEARCH_PATHS = (
					"$(inherited)",
					"@executable_path/Frameworks",
				);
				MARKETING_VERSION = 1.0;
				PRODUCT_BUNDLE_IDENTIFIER = com.example.FlutterExample;
				PRODUCT_NAME = "$(TARGET_NAME)";
				SWIFT_EMIT_LOC_STRINGS = YES;
				SWIFT_VERSION = 5.0;
				TARGETED_DEVICE_FAMILY = "1,2";
			};
			name = Release;
		};
/* End XCBuildConfiguration section */

/* Begin XCConfigurationList section */
		991869C0296C1BE600C5FCED /* Build configuration list for PBXProject "FlutterExample" */ = {
			isa = XCConfigurationList;
			buildConfigurations = (
				991869D7296C1BE800C5FCED /* Debug */,
				991869D8296C1BE800C5FCED /* Release */,
			);
			defaultConfigurationIsVisible = 0;
			defaultConfigurationName = Release;
		};
		991869D9296C1BE800C5FCED /* Build configuration list for PBXNativeTarget "FlutterExample" */ = {
			isa = XCConfigurationList;
			buildConfigurations = (
				991869DA296C1BE800C5FCED /* Debug */,
				991869DB296C1BE800C5FCED /* Release */,
			);
			defaultConfigurationIsVisible = 0;
			defaultConfigurationName = Release;
		};
/* End XCConfigurationList section */
	};
	rootObject = 991869BD296C1BE600C5FCED /* Project object */;
}
